// !$*UTF8*$!
{
	archiveVersion = 1;
	classes = {
	};
	objectVersion = 50;
	objects = {

/* Begin PBXBuildFile section */
		68911A149CA7732A6600301E /* Pods_OpenMetro.framework in Frameworks */ = {isa = PBXBuildFile; fileRef = 19BD799DDD6F1227797F9778 /* Pods_OpenMetro.framework */; };
		D7AF7076254F91B20018E295 /* AppDelegate.swift in Sources */ = {isa = PBXBuildFile; fileRef = D7AF7075254F91B20018E295 /* AppDelegate.swift */; };
		D7AF7078254F91B20018E295 /* SceneDelegate.swift in Sources */ = {isa = PBXBuildFile; fileRef = D7AF7077254F91B20018E295 /* SceneDelegate.swift */; };
		D7AF707A254F91B20018E295 /* ViewController.swift in Sources */ = {isa = PBXBuildFile; fileRef = D7AF7079254F91B20018E295 /* ViewController.swift */; };
		D7AF707D254F91B20018E295 /* Main.storyboard in Resources */ = {isa = PBXBuildFile; fileRef = D7AF707B254F91B20018E295 /* Main.storyboard */; };
		D7AF707F254F91B60018E295 /* Assets.xcassets in Resources */ = {isa = PBXBuildFile; fileRef = D7AF707E254F91B60018E295 /* Assets.xcassets */; };
		D7AF7082254F91B60018E295 /* LaunchScreen.storyboard in Resources */ = {isa = PBXBuildFile; fileRef = D7AF7080254F91B60018E295 /* LaunchScreen.storyboard */; };
/* End PBXBuildFile section */

/* Begin PBXFileReference section */
		19BD799DDD6F1227797F9778 /* Pods_OpenMetro.framework */ = {isa = PBXFileReference; explicitFileType = wrapper.framework; includeInIndex = 0; path = Pods_OpenMetro.framework; sourceTree = BUILT_PRODUCTS_DIR; };
		5EE4EEC6A30DD7DA44F04CC8 /* Pods-OpenMetro.release.xcconfig */ = {isa = PBXFileReference; includeInIndex = 1; lastKnownFileType = text.xcconfig; name = "Pods-OpenMetro.release.xcconfig"; path = "Target Support Files/Pods-OpenMetro/Pods-OpenMetro.release.xcconfig"; sourceTree = "<group>"; };
		94B95E3CAC945D59E1219156 /* Pods-OpenMetro.debug.xcconfig */ = {isa = PBXFileReference; includeInIndex = 1; lastKnownFileType = text.xcconfig; name = "Pods-OpenMetro.debug.xcconfig"; path = "Target Support Files/Pods-OpenMetro/Pods-OpenMetro.debug.xcconfig"; sourceTree = "<group>"; };
		D7AF7072254F91B20018E295 /* OpenMetro.app */ = {isa = PBXFileReference; explicitFileType = wrapper.application; includeInIndex = 0; path = OpenMetro.app; sourceTree = BUILT_PRODUCTS_DIR; };
		D7AF7075254F91B20018E295 /* AppDelegate.swift */ = {isa = PBXFileReference; lastKnownFileType = sourcecode.swift; path = AppDelegate.swift; sourceTree = "<group>"; };
		D7AF7077254F91B20018E295 /* SceneDelegate.swift */ = {isa = PBXFileReference; lastKnownFileType = sourcecode.swift; path = SceneDelegate.swift; sourceTree = "<group>"; };
		D7AF7079254F91B20018E295 /* ViewController.swift */ = {isa = PBXFileReference; lastKnownFileType = sourcecode.swift; path = ViewController.swift; sourceTree = "<group>"; };
		D7AF707C254F91B20018E295 /* Base */ = {isa = PBXFileReference; lastKnownFileType = file.storyboard; name = Base; path = Base.lproj/Main.storyboard; sourceTree = "<group>"; };
		D7AF707E254F91B60018E295 /* Assets.xcassets */ = {isa = PBXFileReference; lastKnownFileType = folder.assetcatalog; path = Assets.xcassets; sourceTree = "<group>"; };
		D7AF7081254F91B60018E295 /* Base */ = {isa = PBXFileReference; lastKnownFileType = file.storyboard; name = Base; path = Base.lproj/LaunchScreen.storyboard; sourceTree = "<group>"; };
		D7AF7083254F91B60018E295 /* Info.plist */ = {isa = PBXFileReference; lastKnownFileType = text.plist.xml; path = Info.plist; sourceTree = "<group>"; };
/* End PBXFileReference section */

/* Begin PBXFrameworksBuildPhase section */
		D7AF706F254F91B20018E295 /* Frameworks */ = {
			isa = PBXFrameworksBuildPhase;
			buildActionMask = 2147483647;
			files = (
				68911A149CA7732A6600301E /* Pods_OpenMetro.framework in Frameworks */,
			);
			runOnlyForDeploymentPostprocessing = 0;
		};
/* End PBXFrameworksBuildPhase section */

/* Begin PBXGroup section */
		1420D23B79F0CEB4BA1A7061 /* Frameworks */ = {
			isa = PBXGroup;
			children = (
				19BD799DDD6F1227797F9778 /* Pods_OpenMetro.framework */,
			);
			name = Frameworks;
			sourceTree = "<group>";
		};
		A2F8F28967E9D3B68860BF51 /* Pods */ = {
			isa = PBXGroup;
			children = (
				94B95E3CAC945D59E1219156 /* Pods-OpenMetro.debug.xcconfig */,
				5EE4EEC6A30DD7DA44F04CC8 /* Pods-OpenMetro.release.xcconfig */,
			);
			name = Pods;
			path = Pods;
			sourceTree = "<group>";
		};
		D7AF7069254F91B20018E295 = {
			isa = PBXGroup;
			children = (
				D7AF7074254F91B20018E295 /* OpenMetro */,
				D7AF7073254F91B20018E295 /* Products */,
				A2F8F28967E9D3B68860BF51 /* Pods */,
				1420D23B79F0CEB4BA1A7061 /* Frameworks */,
			);
			sourceTree = "<group>";
		};
		D7AF7073254F91B20018E295 /* Products */ = {
			isa = PBXGroup;
			children = (
				D7AF7072254F91B20018E295 /* OpenMetro.app */,
			);
			name = Products;
			sourceTree = "<group>";
		};
		D7AF7074254F91B20018E295 /* OpenMetro */ = {
			isa = PBXGroup;
			children = (
				D7AF7075254F91B20018E295 /* AppDelegate.swift */,
				D7AF7077254F91B20018E295 /* SceneDelegate.swift */,
				D7AF7079254F91B20018E295 /* ViewController.swift */,
				D7AF707B254F91B20018E295 /* Main.storyboard */,
				D7AF707E254F91B60018E295 /* Assets.xcassets */,
				D7AF7080254F91B60018E295 /* LaunchScreen.storyboard */,
				D7AF7083254F91B60018E295 /* Info.plist */,
			);
			path = OpenMetro;
			sourceTree = "<group>";
		};
/* End PBXGroup section */

/* Begin PBXNativeTarget section */
		D7AF7071254F91B20018E295 /* OpenMetro */ = {
			isa = PBXNativeTarget;
			buildConfigurationList = D7AF7086254F91B60018E295 /* Build configuration list for PBXNativeTarget "OpenMetro" */;
			buildPhases = (
				5D679440937FC3DABAD3315B /* [CP] Check Pods Manifest.lock */,
				D7AF706E254F91B20018E295 /* Sources */,
				D7AF706F254F91B20018E295 /* Frameworks */,
				D7AF7070254F91B20018E295 /* Resources */,
				60A1814D830074ED47D648B8 /* [CP] Embed Pods Frameworks */,
			);
			buildRules = (
			);
			dependencies = (
			);
			name = OpenMetro;
			productName = OpenMetro;
			productReference = D7AF7072254F91B20018E295 /* OpenMetro.app */;
			productType = "com.apple.product-type.application";
		};
/* End PBXNativeTarget section */

/* Begin PBXProject section */
		D7AF706A254F91B20018E295 /* Project object */ = {
			isa = PBXProject;
			attributes = {
				LastSwiftUpdateCheck = 1210;
				LastUpgradeCheck = 1210;
				TargetAttributes = {
					D7AF7071254F91B20018E295 = {
						CreatedOnToolsVersion = 12.1;
					};
				};
			};
			buildConfigurationList = D7AF706D254F91B20018E295 /* Build configuration list for PBXProject "OpenMetro" */;
			compatibilityVersion = "Xcode 9.3";
			developmentRegion = en;
			hasScannedForEncodings = 0;
			knownRegions = (
				en,
				Base,
			);
			mainGroup = D7AF7069254F91B20018E295;
			productRefGroup = D7AF7073254F91B20018E295 /* Products */;
			projectDirPath = "";
			projectRoot = "";
			targets = (
				D7AF7071254F91B20018E295 /* OpenMetro */,
			);
		};
/* End PBXProject section */

/* Begin PBXResourcesBuildPhase section */
		D7AF7070254F91B20018E295 /* Resources */ = {
			isa = PBXResourcesBuildPhase;
			buildActionMask = 2147483647;
			files = (
				D7AF7082254F91B60018E295 /* LaunchScreen.storyboard in Resources */,
				D7AF707F254F91B60018E295 /* Assets.xcassets in Resources */,
				D7AF707D254F91B20018E295 /* Main.storyboard in Resources */,
			);
			runOnlyForDeploymentPostprocessing = 0;
		};
/* End PBXResourcesBuildPhase section */

/* Begin PBXShellScriptBuildPhase section */
		5D679440937FC3DABAD3315B /* [CP] Check Pods Manifest.lock */ = {
			isa = PBXShellScriptBuildPhase;
			buildActionMask = 2147483647;
			files = (
			);
			inputFileListPaths = (
			);
			inputPaths = (
				"${PODS_PODFILE_DIR_PATH}/Podfile.lock",
				"${PODS_ROOT}/Manifest.lock",
			);
			name = "[CP] Check Pods Manifest.lock";
			outputFileListPaths = (
			);
			outputPaths = (
				"$(DERIVED_FILE_DIR)/Pods-OpenMetro-checkManifestLockResult.txt",
			);
			runOnlyForDeploymentPostprocessing = 0;
			shellPath = /bin/sh;
			shellScript = "diff \"${PODS_PODFILE_DIR_PATH}/Podfile.lock\" \"${PODS_ROOT}/Manifest.lock\" > /dev/null\nif [ $? != 0 ] ; then\n    # print error to STDERR\n    echo \"error: The sandbox is not in sync with the Podfile.lock. Run 'pod install' or update your CocoaPods installation.\" >&2\n    exit 1\nfi\n# This output is used by Xcode 'outputs' to avoid re-running this script phase.\necho \"SUCCESS\" > \"${SCRIPT_OUTPUT_FILE_0}\"\n";
			showEnvVarsInLog = 0;
		};
		60A1814D830074ED47D648B8 /* [CP] Embed Pods Frameworks */ = {
			isa = PBXShellScriptBuildPhase;
			buildActionMask = 2147483647;
			files = (
			);
			inputFileListPaths = (
				"${PODS_ROOT}/Target Support Files/Pods-OpenMetro/Pods-OpenMetro-frameworks-${CONFIGURATION}-input-files.xcfilelist",
			);
			name = "[CP] Embed Pods Frameworks";
			outputFileListPaths = (
				"${PODS_ROOT}/Target Support Files/Pods-OpenMetro/Pods-OpenMetro-frameworks-${CONFIGURATION}-output-files.xcfilelist",
			);
			runOnlyForDeploymentPostprocessing = 0;
			shellPath = /bin/sh;
			shellScript = "\"${PODS_ROOT}/Target Support Files/Pods-OpenMetro/Pods-OpenMetro-frameworks.sh\"\n";
			showEnvVarsInLog = 0;
		};
/* End PBXShellScriptBuildPhase section */

/* Begin PBXSourcesBuildPhase section */
		D7AF706E254F91B20018E295 /* Sources */ = {
			isa = PBXSourcesBuildPhase;
			buildActionMask = 2147483647;
			files = (
				D7AF707A254F91B20018E295 /* ViewController.swift in Sources */,
				D7AF7076254F91B20018E295 /* AppDelegate.swift in Sources */,
				D7AF7078254F91B20018E295 /* SceneDelegate.swift in Sources */,
			);
			runOnlyForDeploymentPostprocessing = 0;
		};
/* End PBXSourcesBuildPhase section */

/* Begin PBXVariantGroup section */
		D7AF707B254F91B20018E295 /* Main.storyboard */ = {
			isa = PBXVariantGroup;
			children = (
				D7AF707C254F91B20018E295 /* Base */,
			);
			name = Main.storyboard;
			sourceTree = "<group>";
		};
		D7AF7080254F91B60018E295 /* LaunchScreen.storyboard */ = {
			isa = PBXVariantGroup;
			children = (
				D7AF7081254F91B60018E295 /* Base */,
			);
			name = LaunchScreen.storyboard;
			sourceTree = "<group>";
		};
/* End PBXVariantGroup section */

/* Begin XCBuildConfiguration section */
		D7AF7084254F91B60018E295 /* Debug */ = {
			isa = XCBuildConfiguration;
			buildSettings = {
				ALWAYS_SEARCH_USER_PATHS = NO;
				CLANG_ANALYZER_NONNULL = YES;
				CLANG_ANALYZER_NUMBER_OBJECT_CONVERSION = YES_AGGRESSIVE;
				CLANG_CXX_LANGUAGE_STANDARD = "gnu++14";
				CLANG_CXX_LIBRARY = "libc++";
				CLANG_ENABLE_MODULES = YES;
				CLANG_ENABLE_OBJC_ARC = YES;
				CLANG_ENABLE_OBJC_WEAK = YES;
				CLANG_WARN_BLOCK_CAPTURE_AUTORELEASING = YES;
				CLANG_WARN_BOOL_CONVERSION = YES;
				CLANG_WARN_COMMA = YES;
				CLANG_WARN_CONSTANT_CONVERSION = YES;
				CLANG_WARN_DEPRECATED_OBJC_IMPLEMENTATIONS = YES;
				CLANG_WARN_DIRECT_OBJC_ISA_USAGE = YES_ERROR;
				CLANG_WARN_DOCUMENTATION_COMMENTS = YES;
				CLANG_WARN_EMPTY_BODY = YES;
				CLANG_WARN_ENUM_CONVERSION = YES;
				CLANG_WARN_INFINITE_RECURSION = YES;
				CLANG_WARN_INT_CONVERSION = YES;
				CLANG_WARN_NON_LITERAL_NULL_CONVERSION = YES;
				CLANG_WARN_OBJC_IMPLICIT_RETAIN_SELF = YES;
				CLANG_WARN_OBJC_LITERAL_CONVERSION = YES;
				CLANG_WARN_OBJC_ROOT_CLASS = YES_ERROR;
				CLANG_WARN_QUOTED_INCLUDE_IN_FRAMEWORK_HEADER = YES;
				CLANG_WARN_RANGE_LOOP_ANALYSIS = YES;
				CLANG_WARN_STRICT_PROTOTYPES = YES;
				CLANG_WARN_SUSPICIOUS_MOVE = YES;
				CLANG_WARN_UNGUARDED_AVAILABILITY = YES_AGGRESSIVE;
				CLANG_WARN_UNREACHABLE_CODE = YES;
				CLANG_WARN__DUPLICATE_METHOD_MATCH = YES;
				COPY_PHASE_STRIP = NO;
				DEBUG_INFORMATION_FORMAT = dwarf;
				ENABLE_STRICT_OBJC_MSGSEND = YES;
				ENABLE_TESTABILITY = YES;
				GCC_C_LANGUAGE_STANDARD = gnu11;
				GCC_DYNAMIC_NO_PIC = NO;
				GCC_NO_COMMON_BLOCKS = YES;
				GCC_OPTIMIZATION_LEVEL = 0;
				GCC_PREPROCESSOR_DEFINITIONS = (
					"DEBUG=1",
					"$(inherited)",
				);
				GCC_WARN_64_TO_32_BIT_CONVERSION = YES;
				GCC_WARN_ABOUT_RETURN_TYPE = YES_ERROR;
				GCC_WARN_UNDECLARED_SELECTOR = YES;
				GCC_WARN_UNINITIALIZED_AUTOS = YES_AGGRESSIVE;
				GCC_WARN_UNUSED_FUNCTION = YES;
				GCC_WARN_UNUSED_VARIABLE = YES;
				IPHONEOS_DEPLOYMENT_TARGET = 14.1;
				MTL_ENABLE_DEBUG_INFO = INCLUDE_SOURCE;
				MTL_FAST_MATH = YES;
				ONLY_ACTIVE_ARCH = YES;
				SDKROOT = iphoneos;
				SWIFT_ACTIVE_COMPILATION_CONDITIONS = DEBUG;
				SWIFT_OPTIMIZATION_LEVEL = "-Onone";
			};
			name = Debug;
		};
		D7AF7085254F91B60018E295 /* Release */ = {
			isa = XCBuildConfiguration;
			buildSettings = {
				ALWAYS_SEARCH_USER_PATHS = NO;
				CLANG_ANALYZER_NONNULL = YES;
				CLANG_ANALYZER_NUMBER_OBJECT_CONVERSION = YES_AGGRESSIVE;
				CLANG_CXX_LANGUAGE_STANDARD = "gnu++14";
				CLANG_CXX_LIBRARY = "libc++";
				CLANG_ENABLE_MODULES = YES;
				CLANG_ENABLE_OBJC_ARC = YES;
				CLANG_ENABLE_OBJC_WEAK = YES;
				CLANG_WARN_BLOCK_CAPTURE_AUTORELEASING = YES;
				CLANG_WARN_BOOL_CONVERSION = YES;
				CLANG_WARN_COMMA = YES;
				CLANG_WARN_CONSTANT_CONVERSION = YES;
				CLANG_WARN_DEPRECATED_OBJC_IMPLEMENTATIONS = YES;
				CLANG_WARN_DIRECT_OBJC_ISA_USAGE = YES_ERROR;
				CLANG_WARN_DOCUMENTATION_COMMENTS = YES;
				CLANG_WARN_EMPTY_BODY = YES;
				CLANG_WARN_ENUM_CONVERSION = YES;
				CLANG_WARN_INFINITE_RECURSION = YES;
				CLANG_WARN_INT_CONVERSION = YES;
				CLANG_WARN_NON_LITERAL_NULL_CONVERSION = YES;
				CLANG_WARN_OBJC_IMPLICIT_RETAIN_SELF = YES;
				CLANG_WARN_OBJC_LITERAL_CONVERSION = YES;
				CLANG_WARN_OBJC_ROOT_CLASS = YES_ERROR;
				CLANG_WARN_QUOTED_INCLUDE_IN_FRAMEWORK_HEADER = YES;
				CLANG_WARN_RANGE_LOOP_ANALYSIS = YES;
				CLANG_WARN_STRICT_PROTOTYPES = YES;
				CLANG_WARN_SUSPICIOUS_MOVE = YES;
				CLANG_WARN_UNGUARDED_AVAILABILITY = YES_AGGRESSIVE;
				CLANG_WARN_UNREACHABLE_CODE = YES;
				CLANG_WARN__DUPLICATE_METHOD_MATCH = YES;
				COPY_PHASE_STRIP = NO;
				DEBUG_INFORMATION_FORMAT = "dwarf-with-dsym";
				ENABLE_NS_ASSERTIONS = NO;
				ENABLE_STRICT_OBJC_MSGSEND = YES;
				GCC_C_LANGUAGE_STANDARD = gnu11;
				GCC_NO_COMMON_BLOCKS = YES;
				GCC_WARN_64_TO_32_BIT_CONVERSION = YES;
				GCC_WARN_ABOUT_RETURN_TYPE = YES_ERROR;
				GCC_WARN_UNDECLARED_SELECTOR = YES;
				GCC_WARN_UNINITIALIZED_AUTOS = YES_AGGRESSIVE;
				GCC_WARN_UNUSED_FUNCTION = YES;
				GCC_WARN_UNUSED_VARIABLE = YES;
				IPHONEOS_DEPLOYMENT_TARGET = 14.1;
				MTL_ENABLE_DEBUG_INFO = NO;
				MTL_FAST_MATH = YES;
				SDKROOT = iphoneos;
				SWIFT_COMPILATION_MODE = wholemodule;
				SWIFT_OPTIMIZATION_LEVEL = "-O";
				VALIDATE_PRODUCT = YES;
			};
			name = Release;
		};
		D7AF7087254F91B60018E295 /* Debug */ = {
			isa = XCBuildConfiguration;
			baseConfigurationReference = 94B95E3CAC945D59E1219156 /* Pods-OpenMetro.debug.xcconfig */;
			buildSettings = {
				ASSETCATALOG_COMPILER_APPICON_NAME = AppIcon;
				ASSETCATALOG_COMPILER_GLOBAL_ACCENT_COLOR_NAME = AccentColor;
				CODE_SIGN_STYLE = Automatic;
				DEVELOPMENT_TEAM = Y9XPCMVA2M;
				INFOPLIST_FILE = OpenMetro/Info.plist;
				LD_RUNPATH_SEARCH_PATHS = (
					"$(inherited)",
					"@executable_path/Frameworks",
				);
				PRODUCT_BUNDLE_IDENTIFIER = shopin.OpenMetro;
				PRODUCT_NAME = "$(TARGET_NAME)";
				SWIFT_VERSION = 5.0;
				TARGETED_DEVICE_FAMILY = "1,2";
			};
			name = Debug;
		};
		D7AF7088254F91B60018E295 /* Release */ = {
			isa = XCBuildConfiguration;
			baseConfigurationReference = 5EE4EEC6A30DD7DA44F04CC8 /* Pods-OpenMetro.release.xcconfig */;
			buildSettings = {
				ASSETCATALOG_COMPILER_APPICON_NAME = AppIcon;
				ASSETCATALOG_COMPILER_GLOBAL_ACCENT_COLOR_NAME = AccentColor;
				CODE_SIGN_STYLE = Automatic;
				DEVELOPMENT_TEAM = Y9XPCMVA2M;
				INFOPLIST_FILE = OpenMetro/Info.plist;
				LD_RUNPATH_SEARCH_PATHS = (
					"$(inherited)",
					"@executable_path/Frameworks",
				);
				PRODUCT_BUNDLE_IDENTIFIER = shopin.OpenMetro;
				PRODUCT_NAME = "$(TARGET_NAME)";
				SWIFT_VERSION = 5.0;
				TARGETED_DEVICE_FAMILY = "1,2";
			};
			name = Release;
		};
/* End XCBuildConfiguration section */

/* Begin XCConfigurationList section */
		D7AF706D254F91B20018E295 /* Build configuration list for PBXProject "OpenMetro" */ = {
			isa = XCConfigurationList;
			buildConfigurations = (
				D7AF7084254F91B60018E295 /* Debug */,
				D7AF7085254F91B60018E295 /* Release */,
			);
			defaultConfigurationIsVisible = 0;
			defaultConfigurationName = Release;
		};
		D7AF7086254F91B60018E295 /* Build configuration list for PBXNativeTarget "OpenMetro" */ = {
			isa = XCConfigurationList;
			buildConfigurations = (
				D7AF7087254F91B60018E295 /* Debug */,
				D7AF7088254F91B60018E295 /* Release */,
			);
			defaultConfigurationIsVisible = 0;
			defaultConfigurationName = Release;
		};
/* End XCConfigurationList section */
	};
	rootObject = D7AF706A254F91B20018E295 /* Project object */;
}
